// !$*UTF8*$!
{
	archiveVersion = 1;
	classes = {
	};
	objectVersion = 52;
	objects = {

/* Begin PBXBuildFile section */
		F0491A782768AA2300A41D01 /* TweetCell.swift in Sources */ = {isa = PBXBuildFile; fileRef = F0491A772768AA2300A41D01 /* TweetCell.swift */; };
		F0491A7A276B651900A41D01 /* TweetViewModel.swift in Sources */ = {isa = PBXBuildFile; fileRef = F0491A79276B651900A41D01 /* TweetViewModel.swift */; };
		F0491A7C2770CFC400A41D01 /* ProfileController.swift in Sources */ = {isa = PBXBuildFile; fileRef = F0491A7B2770CFC300A41D01 /* ProfileController.swift */; };
		F0491A7E2770E65F00A41D01 /* ProfileHeader.swift in Sources */ = {isa = PBXBuildFile; fileRef = F0491A7D2770E65F00A41D01 /* ProfileHeader.swift */; };
		F05C06CE27734D0D00E41B4F /* ProfileFilterView.swift in Sources */ = {isa = PBXBuildFile; fileRef = F05C06CD27734D0D00E41B4F /* ProfileFilterView.swift */; };
		F05C06D027734F5000E41B4F /* ProfileFilterCell.swift in Sources */ = {isa = PBXBuildFile; fileRef = F05C06CF27734F5000E41B4F /* ProfileFilterCell.swift */; };
		F05C06D2277370F800E41B4F /* ProfileHeaderViewModel.swift in Sources */ = {isa = PBXBuildFile; fileRef = F05C06D1277370F800E41B4F /* ProfileHeaderViewModel.swift */; };
		F05E50E227676A8C0078A1F1 /* CaptionTextView.swift in Sources */ = {isa = PBXBuildFile; fileRef = F05E50E127676A8C0078A1F1 /* CaptionTextView.swift */; };
		F05E50E4276772CC0078A1F1 /* TweetService.swift in Sources */ = {isa = PBXBuildFile; fileRef = F05E50E3276772CC0078A1F1 /* TweetService.swift */; };
		F05E50E62767978C0078A1F1 /* Tweet.swift in Sources */ = {isa = PBXBuildFile; fileRef = F05E50E52767978C0078A1F1 /* Tweet.swift */; };
		F072B0BA275652030015C152 /* AppDelegate.swift in Sources */ = {isa = PBXBuildFile; fileRef = F072B0B9275652030015C152 /* AppDelegate.swift */; };
		F072B0BC275652030015C152 /* SceneDelegate.swift in Sources */ = {isa = PBXBuildFile; fileRef = F072B0BB275652030015C152 /* SceneDelegate.swift */; };
		F072B0C1275652030015C152 /* Main.storyboard in Resources */ = {isa = PBXBuildFile; fileRef = F072B0BF275652030015C152 /* Main.storyboard */; };
		F072B0C3275652060015C152 /* Assets.xcassets in Resources */ = {isa = PBXBuildFile; fileRef = F072B0C2275652060015C152 /* Assets.xcassets */; };
		F072B0C6275652060015C152 /* LaunchScreen.storyboard in Resources */ = {isa = PBXBuildFile; fileRef = F072B0C4275652060015C152 /* LaunchScreen.storyboard */; };
		F072B0D5275653F60015C152 /* MainTabController.swift in Sources */ = {isa = PBXBuildFile; fileRef = F072B0D4275653F60015C152 /* MainTabController.swift */; };
		F072B0DA275672210015C152 /* ExploreController.swift in Sources */ = {isa = PBXBuildFile; fileRef = F072B0D9275672210015C152 /* ExploreController.swift */; };
		F072B0DC275672420015C152 /* FeedController.swift in Sources */ = {isa = PBXBuildFile; fileRef = F072B0DB275672420015C152 /* FeedController.swift */; };
		F072B0DE2756725D0015C152 /* NotificationsController.swift in Sources */ = {isa = PBXBuildFile; fileRef = F072B0DD2756725D0015C152 /* NotificationsController.swift */; };
		F072B0E0275672730015C152 /* ConversationsController.swift in Sources */ = {isa = PBXBuildFile; fileRef = F072B0DF275672730015C152 /* ConversationsController.swift */; };
		F072B0E22757D5890015C152 /* Extensions.swift in Sources */ = {isa = PBXBuildFile; fileRef = F072B0E12757D5890015C152 /* Extensions.swift */; };
		F072B0E52757ED2C0015C152 /* LoginController.swift in Sources */ = {isa = PBXBuildFile; fileRef = F072B0E42757ED2B0015C152 /* LoginController.swift */; };
		F072B0E72757ED860015C152 /* RegistrationController.swift in Sources */ = {isa = PBXBuildFile; fileRef = F072B0E62757ED860015C152 /* RegistrationController.swift */; };
		F072B0EA275A66490015C152 /* Utilities.swift in Sources */ = {isa = PBXBuildFile; fileRef = F072B0E9275A66490015C152 /* Utilities.swift */; };
		F072B0EC275EB7F50015C152 /* GoogleService-Info.plist in Resources */ = {isa = PBXBuildFile; fileRef = F072B0EB275EB7F50015C152 /* GoogleService-Info.plist */; };
		F072B0EF275EBAD10015C152 /* FirebaseStorage in Frameworks */ = {isa = PBXBuildFile; productRef = F072B0EE275EBAD10015C152 /* FirebaseStorage */; };
		F072B0F1275EBAD10015C152 /* FirebaseAuth in Frameworks */ = {isa = PBXBuildFile; productRef = F072B0F0275EBAD10015C152 /* FirebaseAuth */; };
		F072B0F3275EBAD10015C152 /* FirebaseAuthCombine-Community in Frameworks */ = {isa = PBXBuildFile; productRef = F072B0F2275EBAD10015C152 /* FirebaseAuthCombine-Community */; };
		F072B0F5275EBAD10015C152 /* FirebaseDatabase in Frameworks */ = {isa = PBXBuildFile; productRef = F072B0F4275EBAD10015C152 /* FirebaseDatabase */; };
		F072B0F7275F89C50015C152 /* Constants.swift in Sources */ = {isa = PBXBuildFile; fileRef = F072B0F6275F89C50015C152 /* Constants.swift */; };
		F072B0F9275FAA620015C152 /* AuthService.swift in Sources */ = {isa = PBXBuildFile; fileRef = F072B0F8275FAA620015C152 /* AuthService.swift */; };
		F09C2AB627621C510007FC58 /* UserService.swift in Sources */ = {isa = PBXBuildFile; fileRef = F09C2AB527621C510007FC58 /* UserService.swift */; };
		F09C2AB8276222490007FC58 /* User.swift in Sources */ = {isa = PBXBuildFile; fileRef = F09C2AB7276222490007FC58 /* User.swift */; };
		F09C2ABB27624DBE0007FC58 /* SDWebImage in Frameworks */ = {isa = PBXBuildFile; productRef = F09C2ABA27624DBE0007FC58 /* SDWebImage */; };
		F09C2ABD2762B12B0007FC58 /* UploadTwitController.swift in Sources */ = {isa = PBXBuildFile; fileRef = F09C2ABC2762B12B0007FC58 /* UploadTwitController.swift */; };
/* End PBXBuildFile section */

/* Begin PBXFileReference section */
		F0491A772768AA2300A41D01 /* TweetCell.swift */ = {isa = PBXFileReference; lastKnownFileType = sourcecode.swift; path = TweetCell.swift; sourceTree = "<group>"; };
		F0491A79276B651900A41D01 /* TweetViewModel.swift */ = {isa = PBXFileReference; lastKnownFileType = sourcecode.swift; path = TweetViewModel.swift; sourceTree = "<group>"; };
		F0491A7B2770CFC300A41D01 /* ProfileController.swift */ = {isa = PBXFileReference; lastKnownFileType = sourcecode.swift; path = ProfileController.swift; sourceTree = "<group>"; };
		F0491A7D2770E65F00A41D01 /* ProfileHeader.swift */ = {isa = PBXFileReference; lastKnownFileType = sourcecode.swift; path = ProfileHeader.swift; sourceTree = "<group>"; };
		F05C06CD27734D0D00E41B4F /* ProfileFilterView.swift */ = {isa = PBXFileReference; lastKnownFileType = sourcecode.swift; path = ProfileFilterView.swift; sourceTree = "<group>"; };
		F05C06CF27734F5000E41B4F /* ProfileFilterCell.swift */ = {isa = PBXFileReference; lastKnownFileType = sourcecode.swift; path = ProfileFilterCell.swift; sourceTree = "<group>"; };
		F05C06D1277370F800E41B4F /* ProfileHeaderViewModel.swift */ = {isa = PBXFileReference; lastKnownFileType = sourcecode.swift; path = ProfileHeaderViewModel.swift; sourceTree = "<group>"; };
		F05E50E127676A8C0078A1F1 /* CaptionTextView.swift */ = {isa = PBXFileReference; lastKnownFileType = sourcecode.swift; path = CaptionTextView.swift; sourceTree = "<group>"; };
		F05E50E3276772CC0078A1F1 /* TweetService.swift */ = {isa = PBXFileReference; lastKnownFileType = sourcecode.swift; path = TweetService.swift; sourceTree = "<group>"; };
		F05E50E52767978C0078A1F1 /* Tweet.swift */ = {isa = PBXFileReference; lastKnownFileType = sourcecode.swift; path = Tweet.swift; sourceTree = "<group>"; };
		F072B0B6275652030015C152 /* TwitterClone.app */ = {isa = PBXFileReference; explicitFileType = wrapper.application; includeInIndex = 0; path = TwitterClone.app; sourceTree = BUILT_PRODUCTS_DIR; };
		F072B0B9275652030015C152 /* AppDelegate.swift */ = {isa = PBXFileReference; lastKnownFileType = sourcecode.swift; path = AppDelegate.swift; sourceTree = "<group>"; };
		F072B0BB275652030015C152 /* SceneDelegate.swift */ = {isa = PBXFileReference; lastKnownFileType = sourcecode.swift; path = SceneDelegate.swift; sourceTree = "<group>"; };
		F072B0C0275652030015C152 /* Base */ = {isa = PBXFileReference; lastKnownFileType = file.storyboard; name = Base; path = Base.lproj/Main.storyboard; sourceTree = "<group>"; };
		F072B0C2275652060015C152 /* Assets.xcassets */ = {isa = PBXFileReference; lastKnownFileType = folder.assetcatalog; path = Assets.xcassets; sourceTree = "<group>"; };
		F072B0C5275652060015C152 /* Base */ = {isa = PBXFileReference; lastKnownFileType = file.storyboard; name = Base; path = Base.lproj/LaunchScreen.storyboard; sourceTree = "<group>"; };
		F072B0C7275652060015C152 /* Info.plist */ = {isa = PBXFileReference; lastKnownFileType = text.plist.xml; path = Info.plist; sourceTree = "<group>"; };
		F072B0D4275653F60015C152 /* MainTabController.swift */ = {isa = PBXFileReference; lastKnownFileType = sourcecode.swift; path = MainTabController.swift; sourceTree = "<group>"; };
		F072B0D9275672210015C152 /* ExploreController.swift */ = {isa = PBXFileReference; lastKnownFileType = sourcecode.swift; path = ExploreController.swift; sourceTree = "<group>"; };
		F072B0DB275672420015C152 /* FeedController.swift */ = {isa = PBXFileReference; lastKnownFileType = sourcecode.swift; path = FeedController.swift; sourceTree = "<group>"; };
		F072B0DD2756725D0015C152 /* NotificationsController.swift */ = {isa = PBXFileReference; lastKnownFileType = sourcecode.swift; path = NotificationsController.swift; sourceTree = "<group>"; };
		F072B0DF275672730015C152 /* ConversationsController.swift */ = {isa = PBXFileReference; lastKnownFileType = sourcecode.swift; path = ConversationsController.swift; sourceTree = "<group>"; };
		F072B0E12757D5890015C152 /* Extensions.swift */ = {isa = PBXFileReference; lastKnownFileType = sourcecode.swift; path = Extensions.swift; sourceTree = "<group>"; };
		F072B0E42757ED2B0015C152 /* LoginController.swift */ = {isa = PBXFileReference; lastKnownFileType = sourcecode.swift; path = LoginController.swift; sourceTree = "<group>"; };
		F072B0E62757ED860015C152 /* RegistrationController.swift */ = {isa = PBXFileReference; lastKnownFileType = sourcecode.swift; path = RegistrationController.swift; sourceTree = "<group>"; };
		F072B0E9275A66490015C152 /* Utilities.swift */ = {isa = PBXFileReference; lastKnownFileType = sourcecode.swift; path = Utilities.swift; sourceTree = "<group>"; };
		F072B0EB275EB7F50015C152 /* GoogleService-Info.plist */ = {isa = PBXFileReference; lastKnownFileType = text.plist; path = "GoogleService-Info.plist"; sourceTree = SOURCE_ROOT; };
		F072B0F6275F89C50015C152 /* Constants.swift */ = {isa = PBXFileReference; lastKnownFileType = sourcecode.swift; path = Constants.swift; sourceTree = "<group>"; };
		F072B0F8275FAA620015C152 /* AuthService.swift */ = {isa = PBXFileReference; lastKnownFileType = sourcecode.swift; path = AuthService.swift; sourceTree = "<group>"; };
		F09C2AB527621C510007FC58 /* UserService.swift */ = {isa = PBXFileReference; lastKnownFileType = sourcecode.swift; path = UserService.swift; sourceTree = "<group>"; };
		F09C2AB7276222490007FC58 /* User.swift */ = {isa = PBXFileReference; lastKnownFileType = sourcecode.swift; path = User.swift; sourceTree = "<group>"; };
		F09C2ABC2762B12B0007FC58 /* UploadTwitController.swift */ = {isa = PBXFileReference; lastKnownFileType = sourcecode.swift; path = UploadTwitController.swift; sourceTree = "<group>"; };
/* End PBXFileReference section */

/* Begin PBXFrameworksBuildPhase section */
		F072B0B3275652030015C152 /* Frameworks */ = {
			isa = PBXFrameworksBuildPhase;
			buildActionMask = 2147483647;
			files = (
				F072B0EF275EBAD10015C152 /* FirebaseStorage in Frameworks */,
				F072B0F3275EBAD10015C152 /* FirebaseAuthCombine-Community in Frameworks */,
				F072B0F5275EBAD10015C152 /* FirebaseDatabase in Frameworks */,
				F072B0F1275EBAD10015C152 /* FirebaseAuth in Frameworks */,
				F09C2ABB27624DBE0007FC58 /* SDWebImage in Frameworks */,
			);
			runOnlyForDeploymentPostprocessing = 0;
		};
/* End PBXFrameworksBuildPhase section */

/* Begin PBXGroup section */
		F072B0AD275652030015C152 = {
			isa = PBXGroup;
			children = (
				F072B0B8275652030015C152 /* TwitterClone */,
				F072B0B7275652030015C152 /* Products */,
			);
			sourceTree = "<group>";
		};
		F072B0B7275652030015C152 /* Products */ = {
			isa = PBXGroup;
			children = (
				F072B0B6275652030015C152 /* TwitterClone.app */,
			);
			name = Products;
			sourceTree = "<group>";
		};
		F072B0B8275652030015C152 /* TwitterClone */ = {
			isa = PBXGroup;
			children = (
				F072B0D12756529E0015C152 /* Model */,
				F072B0E8275A36B70015C152 /* View */,
				F072B0CE275652880015C152 /* ViewModel */,
				F072B0CD275652720015C152 /* Controller */,
				F072B0D2275652E10015C152 /* API */,
				F072B0D3275652F00015C152 /* Utils */,
				F072B0B9275652030015C152 /* AppDelegate.swift */,
				F072B0BB275652030015C152 /* SceneDelegate.swift */,
				F072B0BF275652030015C152 /* Main.storyboard */,
				F072B0C2275652060015C152 /* Assets.xcassets */,
				F072B0C4275652060015C152 /* LaunchScreen.storyboard */,
				F072B0EB275EB7F50015C152 /* GoogleService-Info.plist */,
				F072B0C7275652060015C152 /* Info.plist */,
			);
			path = TwitterClone;
			sourceTree = "<group>";
		};
		F072B0CD275652720015C152 /* Controller */ = {
			isa = PBXGroup;
			children = (
				F072B0E32757ED140015C152 /* Authentication */,
				F072B0D4275653F60015C152 /* MainTabController.swift */,
				F072B0DB275672420015C152 /* FeedController.swift */,
				F072B0D9275672210015C152 /* ExploreController.swift */,
				F072B0DD2756725D0015C152 /* NotificationsController.swift */,
				F072B0DF275672730015C152 /* ConversationsController.swift */,
				F09C2ABC2762B12B0007FC58 /* UploadTwitController.swift */,
				F0491A7B2770CFC300A41D01 /* ProfileController.swift */,
			);
			path = Controller;
			sourceTree = "<group>";
		};
		F072B0CE275652880015C152 /* ViewModel */ = {
			isa = PBXGroup;
			children = (
				F0491A79276B651900A41D01 /* TweetViewModel.swift */,
				F05C06D1277370F800E41B4F /* ProfileHeaderViewModel.swift */,
			);
			path = ViewModel;
			sourceTree = "<group>";
		};
		F072B0D12756529E0015C152 /* Model */ = {
			isa = PBXGroup;
			children = (
				F09C2AB7276222490007FC58 /* User.swift */,
				F05E50E52767978C0078A1F1 /* Tweet.swift */,
			);
			path = Model;
			sourceTree = "<group>";
		};
		F072B0D2275652E10015C152 /* API */ = {
			isa = PBXGroup;
			children = (
				F072B0F8275FAA620015C152 /* AuthService.swift */,
				F09C2AB527621C510007FC58 /* UserService.swift */,
				F05E50E3276772CC0078A1F1 /* TweetService.swift */,
			);
			path = API;
			sourceTree = "<group>";
		};
		F072B0D3275652F00015C152 /* Utils */ = {
			isa = PBXGroup;
			children = (
				F072B0E12757D5890015C152 /* Extensions.swift */,
				F072B0E9275A66490015C152 /* Utilities.swift */,
				F072B0F6275F89C50015C152 /* Constants.swift */,
			);
			path = Utils;
			sourceTree = "<group>";
		};
		F072B0E32757ED140015C152 /* Authentication */ = {
			isa = PBXGroup;
			children = (
				F072B0E42757ED2B0015C152 /* LoginController.swift */,
				F072B0E62757ED860015C152 /* RegistrationController.swift */,
			);
			path = Authentication;
			sourceTree = "<group>";
		};
		F072B0E8275A36B70015C152 /* View */ = {
			isa = PBXGroup;
			children = (
				F05E50E127676A8C0078A1F1 /* CaptionTextView.swift */,
				F0491A772768AA2300A41D01 /* TweetCell.swift */,
				F0491A7D2770E65F00A41D01 /* ProfileHeader.swift */,
				F05C06CD27734D0D00E41B4F /* ProfileFilterView.swift */,
				F05C06CF27734F5000E41B4F /* ProfileFilterCell.swift */,
			);
			path = View;
			sourceTree = "<group>";
		};
/* End PBXGroup section */

/* Begin PBXNativeTarget section */
		F072B0B5275652030015C152 /* TwitterClone */ = {
			isa = PBXNativeTarget;
			buildConfigurationList = F072B0CA275652060015C152 /* Build configuration list for PBXNativeTarget "TwitterClone" */;
			buildPhases = (
				F072B0B2275652030015C152 /* Sources */,
				F072B0B3275652030015C152 /* Frameworks */,
				F072B0B4275652030015C152 /* Resources */,
			);
			buildRules = (
			);
			dependencies = (
			);
			name = TwitterClone;
			packageProductDependencies = (
				F072B0EE275EBAD10015C152 /* FirebaseStorage */,
				F072B0F0275EBAD10015C152 /* FirebaseAuth */,
				F072B0F2275EBAD10015C152 /* FirebaseAuthCombine-Community */,
				F072B0F4275EBAD10015C152 /* FirebaseDatabase */,
				F09C2ABA27624DBE0007FC58 /* SDWebImage */,
			);
			productName = TwitterClone;
			productReference = F072B0B6275652030015C152 /* TwitterClone.app */;
			productType = "com.apple.product-type.application";
		};
/* End PBXNativeTarget section */

/* Begin PBXProject section */
		F072B0AE275652030015C152 /* Project object */ = {
			isa = PBXProject;
			attributes = {
				LastSwiftUpdateCheck = 1250;
				LastUpgradeCheck = 1250;
				TargetAttributes = {
					F072B0B5275652030015C152 = {
						CreatedOnToolsVersion = 12.5.1;
					};
				};
			};
			buildConfigurationList = F072B0B1275652030015C152 /* Build configuration list for PBXProject "TwitterClone" */;
			compatibilityVersion = "Xcode 9.3";
			developmentRegion = en;
			hasScannedForEncodings = 0;
			knownRegions = (
				en,
				Base,
			);
			mainGroup = F072B0AD275652030015C152;
			packageReferences = (
				F072B0ED275EBAD10015C152 /* XCRemoteSwiftPackageReference "firebase-ios-sdk" */,
				F09C2AB927624DBE0007FC58 /* XCRemoteSwiftPackageReference "SDWebImage" */,
			);
			productRefGroup = F072B0B7275652030015C152 /* Products */;
			projectDirPath = "";
			projectRoot = "";
			targets = (
				F072B0B5275652030015C152 /* TwitterClone */,
			);
		};
/* End PBXProject section */

/* Begin PBXResourcesBuildPhase section */
		F072B0B4275652030015C152 /* Resources */ = {
			isa = PBXResourcesBuildPhase;
			buildActionMask = 2147483647;
			files = (
				F072B0C6275652060015C152 /* LaunchScreen.storyboard in Resources */,
				F072B0EC275EB7F50015C152 /* GoogleService-Info.plist in Resources */,
				F072B0C3275652060015C152 /* Assets.xcassets in Resources */,
				F072B0C1275652030015C152 /* Main.storyboard in Resources */,
			);
			runOnlyForDeploymentPostprocessing = 0;
		};
/* End PBXResourcesBuildPhase section */

/* Begin PBXSourcesBuildPhase section */
		F072B0B2275652030015C152 /* Sources */ = {
			isa = PBXSourcesBuildPhase;
			buildActionMask = 2147483647;
			files = (
				F09C2AB627621C510007FC58 /* UserService.swift in Sources */,
				F072B0DE2756725D0015C152 /* NotificationsController.swift in Sources */,
				F05E50E227676A8C0078A1F1 /* CaptionTextView.swift in Sources */,
				F05C06D027734F5000E41B4F /* ProfileFilterCell.swift in Sources */,
				F072B0E0275672730015C152 /* ConversationsController.swift in Sources */,
				F072B0EA275A66490015C152 /* Utilities.swift in Sources */,
				F072B0BA275652030015C152 /* AppDelegate.swift in Sources */,
				F072B0E22757D5890015C152 /* Extensions.swift in Sources */,
				F0491A7C2770CFC400A41D01 /* ProfileController.swift in Sources */,
				F0491A7E2770E65F00A41D01 /* ProfileHeader.swift in Sources */,
				F0491A782768AA2300A41D01 /* TweetCell.swift in Sources */,
				F09C2ABD2762B12B0007FC58 /* UploadTwitController.swift in Sources */,
				F072B0E52757ED2C0015C152 /* LoginController.swift in Sources */,
				F05C06D2277370F800E41B4F /* ProfileHeaderViewModel.swift in Sources */,
				F072B0F9275FAA620015C152 /* AuthService.swift in Sources */,
				F09C2AB8276222490007FC58 /* User.swift in Sources */,
				F072B0F7275F89C50015C152 /* Constants.swift in Sources */,
				F072B0DA275672210015C152 /* ExploreController.swift in Sources */,
				F072B0DC275672420015C152 /* FeedController.swift in Sources */,
				F0491A7A276B651900A41D01 /* TweetViewModel.swift in Sources */,
				F072B0BC275652030015C152 /* SceneDelegate.swift in Sources */,
				F072B0E72757ED860015C152 /* RegistrationController.swift in Sources */,
				F05C06CE27734D0D00E41B4F /* ProfileFilterView.swift in Sources */,
				F072B0D5275653F60015C152 /* MainTabController.swift in Sources */,
				F05E50E62767978C0078A1F1 /* Tweet.swift in Sources */,
				F05E50E4276772CC0078A1F1 /* TweetService.swift in Sources */,
			);
			runOnlyForDeploymentPostprocessing = 0;
		};
/* End PBXSourcesBuildPhase section */

/* Begin PBXVariantGroup section */
		F072B0BF275652030015C152 /* Main.storyboard */ = {
			isa = PBXVariantGroup;
			children = (
				F072B0C0275652030015C152 /* Base */,
			);
			name = Main.storyboard;
			sourceTree = "<group>";
		};
		F072B0C4275652060015C152 /* LaunchScreen.storyboard */ = {
			isa = PBXVariantGroup;
			children = (
				F072B0C5275652060015C152 /* Base */,
			);
			name = LaunchScreen.storyboard;
			sourceTree = "<group>";
		};
/* End PBXVariantGroup section */

/* Begin XCBuildConfiguration section */
		F072B0C8275652060015C152 /* Debug */ = {
			isa = XCBuildConfiguration;
			buildSettings = {
				ALWAYS_SEARCH_USER_PATHS = NO;
				CLANG_ANALYZER_NONNULL = YES;
				CLANG_ANALYZER_NUMBER_OBJECT_CONVERSION = YES_AGGRESSIVE;
				CLANG_CXX_LANGUAGE_STANDARD = "gnu++14";
				CLANG_CXX_LIBRARY = "libc++";
				CLANG_ENABLE_MODULES = YES;
				CLANG_ENABLE_OBJC_ARC = YES;
				CLANG_ENABLE_OBJC_WEAK = YES;
				CLANG_WARN_BLOCK_CAPTURE_AUTORELEASING = YES;
				CLANG_WARN_BOOL_CONVERSION = YES;
				CLANG_WARN_COMMA = YES;
				CLANG_WARN_CONSTANT_CONVERSION = YES;
				CLANG_WARN_DEPRECATED_OBJC_IMPLEMENTATIONS = YES;
				CLANG_WARN_DIRECT_OBJC_ISA_USAGE = YES_ERROR;
				CLANG_WARN_DOCUMENTATION_COMMENTS = YES;
				CLANG_WARN_EMPTY_BODY = YES;
				CLANG_WARN_ENUM_CONVERSION = YES;
				CLANG_WARN_INFINITE_RECURSION = YES;
				CLANG_WARN_INT_CONVERSION = YES;
				CLANG_WARN_NON_LITERAL_NULL_CONVERSION = YES;
				CLANG_WARN_OBJC_IMPLICIT_RETAIN_SELF = YES;
				CLANG_WARN_OBJC_LITERAL_CONVERSION = YES;
				CLANG_WARN_OBJC_ROOT_CLASS = YES_ERROR;
				CLANG_WARN_QUOTED_INCLUDE_IN_FRAMEWORK_HEADER = YES;
				CLANG_WARN_RANGE_LOOP_ANALYSIS = YES;
				CLANG_WARN_STRICT_PROTOTYPES = YES;
				CLANG_WARN_SUSPICIOUS_MOVE = YES;
				CLANG_WARN_UNGUARDED_AVAILABILITY = YES_AGGRESSIVE;
				CLANG_WARN_UNREACHABLE_CODE = YES;
				CLANG_WARN__DUPLICATE_METHOD_MATCH = YES;
				COPY_PHASE_STRIP = NO;
				DEBUG_INFORMATION_FORMAT = dwarf;
				ENABLE_STRICT_OBJC_MSGSEND = YES;
				ENABLE_TESTABILITY = YES;
				GCC_C_LANGUAGE_STANDARD = gnu11;
				GCC_DYNAMIC_NO_PIC = NO;
				GCC_NO_COMMON_BLOCKS = YES;
				GCC_OPTIMIZATION_LEVEL = 0;
				GCC_PREPROCESSOR_DEFINITIONS = (
					"DEBUG=1",
					"$(inherited)",
				);
				GCC_WARN_64_TO_32_BIT_CONVERSION = YES;
				GCC_WARN_ABOUT_RETURN_TYPE = YES_ERROR;
				GCC_WARN_UNDECLARED_SELECTOR = YES;
				GCC_WARN_UNINITIALIZED_AUTOS = YES_AGGRESSIVE;
				GCC_WARN_UNUSED_FUNCTION = YES;
				GCC_WARN_UNUSED_VARIABLE = YES;
				IPHONEOS_DEPLOYMENT_TARGET = 14.5;
				MTL_ENABLE_DEBUG_INFO = INCLUDE_SOURCE;
				MTL_FAST_MATH = YES;
				ONLY_ACTIVE_ARCH = YES;
				SDKROOT = iphoneos;
				SWIFT_ACTIVE_COMPILATION_CONDITIONS = DEBUG;
				SWIFT_OPTIMIZATION_LEVEL = "-Onone";
			};
			name = Debug;
		};
		F072B0C9275652060015C152 /* Release */ = {
			isa = XCBuildConfiguration;
			buildSettings = {
				ALWAYS_SEARCH_USER_PATHS = NO;
				CLANG_ANALYZER_NONNULL = YES;
				CLANG_ANALYZER_NUMBER_OBJECT_CONVERSION = YES_AGGRESSIVE;
				CLANG_CXX_LANGUAGE_STANDARD = "gnu++14";
				CLANG_CXX_LIBRARY = "libc++";
				CLANG_ENABLE_MODULES = YES;
				CLANG_ENABLE_OBJC_ARC = YES;
				CLANG_ENABLE_OBJC_WEAK = YES;
				CLANG_WARN_BLOCK_CAPTURE_AUTORELEASING = YES;
				CLANG_WARN_BOOL_CONVERSION = YES;
				CLANG_WARN_COMMA = YES;
				CLANG_WARN_CONSTANT_CONVERSION = YES;
				CLANG_WARN_DEPRECATED_OBJC_IMPLEMENTATIONS = YES;
				CLANG_WARN_DIRECT_OBJC_ISA_USAGE = YES_ERROR;
				CLANG_WARN_DOCUMENTATION_COMMENTS = YES;
				CLANG_WARN_EMPTY_BODY = YES;
				CLANG_WARN_ENUM_CONVERSION = YES;
				CLANG_WARN_INFINITE_RECURSION = YES;
				CLANG_WARN_INT_CONVERSION = YES;
				CLANG_WARN_NON_LITERAL_NULL_CONVERSION = YES;
				CLANG_WARN_OBJC_IMPLICIT_RETAIN_SELF = YES;
				CLANG_WARN_OBJC_LITERAL_CONVERSION = YES;
				CLANG_WARN_OBJC_ROOT_CLASS = YES_ERROR;
				CLANG_WARN_QUOTED_INCLUDE_IN_FRAMEWORK_HEADER = YES;
				CLANG_WARN_RANGE_LOOP_ANALYSIS = YES;
				CLANG_WARN_STRICT_PROTOTYPES = YES;
				CLANG_WARN_SUSPICIOUS_MOVE = YES;
				CLANG_WARN_UNGUARDED_AVAILABILITY = YES_AGGRESSIVE;
				CLANG_WARN_UNREACHABLE_CODE = YES;
				CLANG_WARN__DUPLICATE_METHOD_MATCH = YES;
				COPY_PHASE_STRIP = NO;
				DEBUG_INFORMATION_FORMAT = "dwarf-with-dsym";
				ENABLE_NS_ASSERTIONS = NO;
				ENABLE_STRICT_OBJC_MSGSEND = YES;
				GCC_C_LANGUAGE_STANDARD = gnu11;
				GCC_NO_COMMON_BLOCKS = YES;
				GCC_WARN_64_TO_32_BIT_CONVERSION = YES;
				GCC_WARN_ABOUT_RETURN_TYPE = YES_ERROR;
				GCC_WARN_UNDECLARED_SELECTOR = YES;
				GCC_WARN_UNINITIALIZED_AUTOS = YES_AGGRESSIVE;
				GCC_WARN_UNUSED_FUNCTION = YES;
				GCC_WARN_UNUSED_VARIABLE = YES;
				IPHONEOS_DEPLOYMENT_TARGET = 14.5;
				MTL_ENABLE_DEBUG_INFO = NO;
				MTL_FAST_MATH = YES;
				SDKROOT = iphoneos;
				SWIFT_COMPILATION_MODE = wholemodule;
				SWIFT_OPTIMIZATION_LEVEL = "-O";
				VALIDATE_PRODUCT = YES;
			};
			name = Release;
		};
		F072B0CB275652060015C152 /* Debug */ = {
			isa = XCBuildConfiguration;
			buildSettings = {
				ASSETCATALOG_COMPILER_APPICON_NAME = AppIcon;
				ASSETCATALOG_COMPILER_GLOBAL_ACCENT_COLOR_NAME = AccentColor;
				CODE_SIGN_STYLE = Automatic;
				DEVELOPMENT_TEAM = V4H8WGK6Y5;
				INFOPLIST_FILE = TwitterClone/Info.plist;
				LD_RUNPATH_SEARCH_PATHS = (
					"$(inherited)",
					"@executable_path/Frameworks",
				);
				PRODUCT_BUNDLE_IDENTIFIER = com.kmitina.TwitterClone;
				PRODUCT_NAME = "$(TARGET_NAME)";
				SWIFT_VERSION = 5.0;
				TARGETED_DEVICE_FAMILY = "1,2";
			};
			name = Debug;
		};
		F072B0CC275652060015C152 /* Release */ = {
			isa = XCBuildConfiguration;
			buildSettings = {
				ASSETCATALOG_COMPILER_APPICON_NAME = AppIcon;
				ASSETCATALOG_COMPILER_GLOBAL_ACCENT_COLOR_NAME = AccentColor;
				CODE_SIGN_STYLE = Automatic;
				DEVELOPMENT_TEAM = V4H8WGK6Y5;
				INFOPLIST_FILE = TwitterClone/Info.plist;
				LD_RUNPATH_SEARCH_PATHS = (
					"$(inherited)",
					"@executable_path/Frameworks",
				);
				PRODUCT_BUNDLE_IDENTIFIER = com.kmitina.TwitterClone;
				PRODUCT_NAME = "$(TARGET_NAME)";
				SWIFT_VERSION = 5.0;
				TARGETED_DEVICE_FAMILY = "1,2";
			};
			name = Release;
		};
/* End XCBuildConfiguration section */

/* Begin XCConfigurationList section */
		F072B0B1275652030015C152 /* Build configuration list for PBXProject "TwitterClone" */ = {
			isa = XCConfigurationList;
			buildConfigurations = (
				F072B0C8275652060015C152 /* Debug */,
				F072B0C9275652060015C152 /* Release */,
			);
			defaultConfigurationIsVisible = 0;
			defaultConfigurationName = Release;
		};
		F072B0CA275652060015C152 /* Build configuration list for PBXNativeTarget "TwitterClone" */ = {
			isa = XCConfigurationList;
			buildConfigurations = (
				F072B0CB275652060015C152 /* Debug */,
				F072B0CC275652060015C152 /* Release */,
			);
			defaultConfigurationIsVisible = 0;
			defaultConfigurationName = Release;
		};
/* End XCConfigurationList section */

/* Begin XCRemoteSwiftPackageReference section */
		F072B0ED275EBAD10015C152 /* XCRemoteSwiftPackageReference "firebase-ios-sdk" */ = {
			isa = XCRemoteSwiftPackageReference;
			repositoryURL = "https://github.com/firebase/firebase-ios-sdk";
			requirement = {
				kind = upToNextMajorVersion;
				minimumVersion = 8.10.0;
			};
		};
		F09C2AB927624DBE0007FC58 /* XCRemoteSwiftPackageReference "SDWebImage" */ = {
			isa = XCRemoteSwiftPackageReference;
			repositoryURL = "https://github.com/SDWebImage/SDWebImage.git";
			requirement = {
				kind = upToNextMajorVersion;
				minimumVersion = 5.12.1;
			};
		};
/* End XCRemoteSwiftPackageReference section */

/* Begin XCSwiftPackageProductDependency section */
		F072B0EE275EBAD10015C152 /* FirebaseStorage */ = {
			isa = XCSwiftPackageProductDependency;
			package = F072B0ED275EBAD10015C152 /* XCRemoteSwiftPackageReference "firebase-ios-sdk" */;
			productName = FirebaseStorage;
		};
		F072B0F0275EBAD10015C152 /* FirebaseAuth */ = {
			isa = XCSwiftPackageProductDependency;
			package = F072B0ED275EBAD10015C152 /* XCRemoteSwiftPackageReference "firebase-ios-sdk" */;
			productName = FirebaseAuth;
		};
		F072B0F2275EBAD10015C152 /* FirebaseAuthCombine-Community */ = {
			isa = XCSwiftPackageProductDependency;
			package = F072B0ED275EBAD10015C152 /* XCRemoteSwiftPackageReference "firebase-ios-sdk" */;
			productName = "FirebaseAuthCombine-Community";
		};
		F072B0F4275EBAD10015C152 /* FirebaseDatabase */ = {
			isa = XCSwiftPackageProductDependency;
			package = F072B0ED275EBAD10015C152 /* XCRemoteSwiftPackageReference "firebase-ios-sdk" */;
			productName = FirebaseDatabase;
		};
		F09C2ABA27624DBE0007FC58 /* SDWebImage */ = {
			isa = XCSwiftPackageProductDependency;
			package = F09C2AB927624DBE0007FC58 /* XCRemoteSwiftPackageReference "SDWebImage" */;
			productName = SDWebImage;
		};
/* End XCSwiftPackageProductDependency section */
	};
	rootObject = F072B0AE275652030015C152 /* Project object */;
}
